// !$*UTF8*$!
{
	archiveVersion = 1;
	classes = {
	};
	objectVersion = 50;
	objects = {

/* Begin PBXBuildFile section */
		CEAE407C26665871006F5CA3 /* AppDelegate.swift in Sources */ = {isa = PBXBuildFile; fileRef = CEAE407B26665871006F5CA3 /* AppDelegate.swift */; };
		CEAE407E26665871006F5CA3 /* SceneDelegate.swift in Sources */ = {isa = PBXBuildFile; fileRef = CEAE407D26665871006F5CA3 /* SceneDelegate.swift */; };
		CEAE408026665871006F5CA3 /* ViewController.swift in Sources */ = {isa = PBXBuildFile; fileRef = CEAE407F26665871006F5CA3 /* ViewController.swift */; };
		CEAE408326665871006F5CA3 /* Main.storyboard in Resources */ = {isa = PBXBuildFile; fileRef = CEAE408126665871006F5CA3 /* Main.storyboard */; };
		CEAE408626665871006F5CA3 /* J2ObjCTest.xcdatamodeld in Sources */ = {isa = PBXBuildFile; fileRef = CEAE408426665871006F5CA3 /* J2ObjCTest.xcdatamodeld */; };
		CEAE408826665874006F5CA3 /* Assets.xcassets in Resources */ = {isa = PBXBuildFile; fileRef = CEAE408726665874006F5CA3 /* Assets.xcassets */; };
		CEAE408B26665874006F5CA3 /* LaunchScreen.storyboard in Resources */ = {isa = PBXBuildFile; fileRef = CEAE408926665874006F5CA3 /* LaunchScreen.storyboard */; };
/* End PBXBuildFile section */

/* Begin PBXFileReference section */
		CEAE407826665871006F5CA3 /* J2ObjCTest.app */ = {isa = PBXFileReference; explicitFileType = wrapper.application; includeInIndex = 0; path = J2ObjCTest.app; sourceTree = BUILT_PRODUCTS_DIR; };
		CEAE407B26665871006F5CA3 /* AppDelegate.swift */ = {isa = PBXFileReference; lastKnownFileType = sourcecode.swift; path = AppDelegate.swift; sourceTree = "<group>"; };
		CEAE407D26665871006F5CA3 /* SceneDelegate.swift */ = {isa = PBXFileReference; lastKnownFileType = sourcecode.swift; path = SceneDelegate.swift; sourceTree = "<group>"; };
		CEAE407F26665871006F5CA3 /* ViewController.swift */ = {isa = PBXFileReference; lastKnownFileType = sourcecode.swift; path = ViewController.swift; sourceTree = "<group>"; };
		CEAE408226665871006F5CA3 /* Base */ = {isa = PBXFileReference; lastKnownFileType = file.storyboard; name = Base; path = Base.lproj/Main.storyboard; sourceTree = "<group>"; };
		CEAE408526665871006F5CA3 /* J2ObjCTest.xcdatamodel */ = {isa = PBXFileReference; lastKnownFileType = wrapper.xcdatamodel; path = J2ObjCTest.xcdatamodel; sourceTree = "<group>"; };
		CEAE408726665874006F5CA3 /* Assets.xcassets */ = {isa = PBXFileReference; lastKnownFileType = folder.assetcatalog; path = Assets.xcassets; sourceTree = "<group>"; };
		CEAE408A26665874006F5CA3 /* Base */ = {isa = PBXFileReference; lastKnownFileType = file.storyboard; name = Base; path = Base.lproj/LaunchScreen.storyboard; sourceTree = "<group>"; };
		CEAE408C26665874006F5CA3 /* Info.plist */ = {isa = PBXFileReference; lastKnownFileType = text.plist.xml; path = Info.plist; sourceTree = "<group>"; };
/* End PBXFileReference section */

/* Begin PBXFrameworksBuildPhase section */
		CEAE407526665871006F5CA3 /* Frameworks */ = {
			isa = PBXFrameworksBuildPhase;
			buildActionMask = 2147483647;
			files = (
			);
			runOnlyForDeploymentPostprocessing = 0;
		};
/* End PBXFrameworksBuildPhase section */

/* Begin PBXGroup section */
		CEAE406F26665871006F5CA3 = {
			isa = PBXGroup;
			children = (
				CEAE407A26665871006F5CA3 /* J2ObjCTest */,
				CEAE407926665871006F5CA3 /* Products */,
			);
			sourceTree = "<group>";
		};
		CEAE407926665871006F5CA3 /* Products */ = {
			isa = PBXGroup;
			children = (
				CEAE407826665871006F5CA3 /* J2ObjCTest.app */,
			);
			name = Products;
			sourceTree = "<group>";
		};
		CEAE407A26665871006F5CA3 /* J2ObjCTest */ = {
			isa = PBXGroup;
			children = (
				CEAE407B26665871006F5CA3 /* AppDelegate.swift */,
				CEAE407D26665871006F5CA3 /* SceneDelegate.swift */,
				CEAE407F26665871006F5CA3 /* ViewController.swift */,
				CEAE408126665871006F5CA3 /* Main.storyboard */,
				CEAE408726665874006F5CA3 /* Assets.xcassets */,
				CEAE408926665874006F5CA3 /* LaunchScreen.storyboard */,
				CEAE408C26665874006F5CA3 /* Info.plist */,
				CEAE408426665871006F5CA3 /* J2ObjCTest.xcdatamodeld */,
			);
			path = J2ObjCTest;
			sourceTree = "<group>";
		};
/* End PBXGroup section */

/* Begin PBXNativeTarget section */
		CEAE407726665871006F5CA3 /* J2ObjCTest */ = {
			isa = PBXNativeTarget;
			buildConfigurationList = CEAE408F26665874006F5CA3 /* Build configuration list for PBXNativeTarget "J2ObjCTest" */;
			buildPhases = (
				CEAE407426665871006F5CA3 /* Sources */,
				CEAE407526665871006F5CA3 /* Frameworks */,
				CEAE407626665871006F5CA3 /* Resources */,
			);
			buildRules = (
			);
			dependencies = (
			);
			name = J2ObjCTest;
			productName = J2ObjCTest;
			productReference = CEAE407826665871006F5CA3 /* J2ObjCTest.app */;
			productType = "com.apple.product-type.application";
		};
/* End PBXNativeTarget section */

/* Begin PBXProject section */
		CEAE407026665871006F5CA3 /* Project object */ = {
			isa = PBXProject;
			attributes = {
				LastSwiftUpdateCheck = 1230;
				LastUpgradeCheck = 1230;
				TargetAttributes = {
					CEAE407726665871006F5CA3 = {
						CreatedOnToolsVersion = 12.3;
					};
				};
			};
			buildConfigurationList = CEAE407326665871006F5CA3 /* Build configuration list for PBXProject "J2ObjCTest" */;
			compatibilityVersion = "Xcode 9.3";
			developmentRegion = en;
			hasScannedForEncodings = 0;
			knownRegions = (
				en,
				Base,
			);
			mainGroup = CEAE406F26665871006F5CA3;
			productRefGroup = CEAE407926665871006F5CA3 /* Products */;
			projectDirPath = "";
			projectRoot = "";
			targets = (
				CEAE407726665871006F5CA3 /* J2ObjCTest */,
			);
		};
/* End PBXProject section */

/* Begin PBXResourcesBuildPhase section */
		CEAE407626665871006F5CA3 /* Resources */ = {
			isa = PBXResourcesBuildPhase;
			buildActionMask = 2147483647;
			files = (
				CEAE408B26665874006F5CA3 /* LaunchScreen.storyboard in Resources */,
				CEAE408826665874006F5CA3 /* Assets.xcassets in Resources */,
				CEAE408326665871006F5CA3 /* Main.storyboard in Resources */,
			);
			runOnlyForDeploymentPostprocessing = 0;
		};
/* End PBXResourcesBuildPhase section */

/* Begin PBXSourcesBuildPhase section */
		CEAE407426665871006F5CA3 /* Sources */ = {
			isa = PBXSourcesBuildPhase;
			buildActionMask = 2147483647;
			files = (
				CEAE408026665871006F5CA3 /* ViewController.swift in Sources */,
				CEAE408626665871006F5CA3 /* J2ObjCTest.xcdatamodeld in Sources */,
				CEAE407C26665871006F5CA3 /* AppDelegate.swift in Sources */,
				CEAE407E26665871006F5CA3 /* SceneDelegate.swift in Sources */,
			);
			runOnlyForDeploymentPostprocessing = 0;
		};
/* End PBXSourcesBuildPhase section */

/* Begin PBXVariantGroup section */
		CEAE408126665871006F5CA3 /* Main.storyboard */ = {
			isa = PBXVariantGroup;
			children = (
				CEAE408226665871006F5CA3 /* Base */,
			);
			name = Main.storyboard;
			sourceTree = "<group>";
		};
		CEAE408926665874006F5CA3 /* LaunchScreen.storyboard */ = {
			isa = PBXVariantGroup;
			children = (
				CEAE408A26665874006F5CA3 /* Base */,
			);
			name = LaunchScreen.storyboard;
			sourceTree = "<group>";
		};
/* End PBXVariantGroup section */

/* Begin XCBuildConfiguration section */
		CEAE408D26665874006F5CA3 /* Debug */ = {
			isa = XCBuildConfiguration;
			buildSettings = {
				ALWAYS_SEARCH_USER_PATHS = NO;
				CLANG_ANALYZER_NONNULL = YES;
				CLANG_ANALYZER_NUMBER_OBJECT_CONVERSION = YES_AGGRESSIVE;
				CLANG_CXX_LANGUAGE_STANDARD = "gnu++14";
				CLANG_CXX_LIBRARY = "libc++";
				CLANG_ENABLE_MODULES = YES;
				CLANG_ENABLE_OBJC_ARC = YES;
				CLANG_ENABLE_OBJC_WEAK = YES;
				CLANG_WARN_BLOCK_CAPTURE_AUTORELEASING = YES;
				CLANG_WARN_BOOL_CONVERSION = YES;
				CLANG_WARN_COMMA = YES;
				CLANG_WARN_CONSTANT_CONVERSION = YES;
				CLANG_WARN_DEPRECATED_OBJC_IMPLEMENTATIONS = YES;
				CLANG_WARN_DIRECT_OBJC_ISA_USAGE = YES_ERROR;
				CLANG_WARN_DOCUMENTATION_COMMENTS = YES;
				CLANG_WARN_EMPTY_BODY = YES;
				CLANG_WARN_ENUM_CONVERSION = YES;
				CLANG_WARN_INFINITE_RECURSION = YES;
				CLANG_WARN_INT_CONVERSION = YES;
				CLANG_WARN_NON_LITERAL_NULL_CONVERSION = YES;
				CLANG_WARN_OBJC_IMPLICIT_RETAIN_SELF = YES;
				CLANG_WARN_OBJC_LITERAL_CONVERSION = YES;
				CLANG_WARN_OBJC_ROOT_CLASS = YES_ERROR;
				CLANG_WARN_QUOTED_INCLUDE_IN_FRAMEWORK_HEADER = YES;
				CLANG_WARN_RANGE_LOOP_ANALYSIS = YES;
				CLANG_WARN_STRICT_PROTOTYPES = YES;
				CLANG_WARN_SUSPICIOUS_MOVE = YES;
				CLANG_WARN_UNGUARDED_AVAILABILITY = YES_AGGRESSIVE;
				CLANG_WARN_UNREACHABLE_CODE = YES;
				CLANG_WARN__DUPLICATE_METHOD_MATCH = YES;
				COPY_PHASE_STRIP = NO;
				DEBUG_INFORMATION_FORMAT = dwarf;
				ENABLE_STRICT_OBJC_MSGSEND = YES;
				ENABLE_TESTABILITY = YES;
				GCC_C_LANGUAGE_STANDARD = gnu11;
				GCC_DYNAMIC_NO_PIC = NO;
				GCC_NO_COMMON_BLOCKS = YES;
				GCC_OPTIMIZATION_LEVEL = 0;
				GCC_PREPROCESSOR_DEFINITIONS = (
					"DEBUG=1",
					"$(inherited)",
				);
				GCC_WARN_64_TO_32_BIT_CONVERSION = YES;
				GCC_WARN_ABOUT_RETURN_TYPE = YES_ERROR;
				GCC_WARN_UNDECLARED_SELECTOR = YES;
				GCC_WARN_UNINITIALIZED_AUTOS = YES_AGGRESSIVE;
				GCC_WARN_UNUSED_FUNCTION = YES;
				GCC_WARN_UNUSED_VARIABLE = YES;
				IPHONEOS_DEPLOYMENT_TARGET = 14.3;
				MTL_ENABLE_DEBUG_INFO = INCLUDE_SOURCE;
				MTL_FAST_MATH = YES;
				ONLY_ACTIVE_ARCH = YES;
				SDKROOT = iphoneos;
				SWIFT_ACTIVE_COMPILATION_CONDITIONS = DEBUG;
				SWIFT_OPTIMIZATION_LEVEL = "-Onone";
			};
			name = Debug;
		};
		CEAE408E26665874006F5CA3 /* Release */ = {
			isa = XCBuildConfiguration;
			buildSettings = {
				ALWAYS_SEARCH_USER_PATHS = NO;
				CLANG_ANALYZER_NONNULL = YES;
				CLANG_ANALYZER_NUMBER_OBJECT_CONVERSION = YES_AGGRESSIVE;
				CLANG_CXX_LANGUAGE_STANDARD = "gnu++14";
				CLANG_CXX_LIBRARY = "libc++";
				CLANG_ENABLE_MODULES = YES;
				CLANG_ENABLE_OBJC_ARC = YES;
				CLANG_ENABLE_OBJC_WEAK = YES;
				CLANG_WARN_BLOCK_CAPTURE_AUTORELEASING = YES;
				CLANG_WARN_BOOL_CONVERSION = YES;
				CLANG_WARN_COMMA = YES;
				CLANG_WARN_CONSTANT_CONVERSION = YES;
				CLANG_WARN_DEPRECATED_OBJC_IMPLEMENTATIONS = YES;
				CLANG_WARN_DIRECT_OBJC_ISA_USAGE = YES_ERROR;
				CLANG_WARN_DOCUMENTATION_COMMENTS = YES;
				CLANG_WARN_EMPTY_BODY = YES;
				CLANG_WARN_ENUM_CONVERSION = YES;
				CLANG_WARN_INFINITE_RECURSION = YES;
				CLANG_WARN_INT_CONVERSION = YES;
				CLANG_WARN_NON_LITERAL_NULL_CONVERSION = YES;
				CLANG_WARN_OBJC_IMPLICIT_RETAIN_SELF = YES;
				CLANG_WARN_OBJC_LITERAL_CONVERSION = YES;
				CLANG_WARN_OBJC_ROOT_CLASS = YES_ERROR;
				CLANG_WARN_QUOTED_INCLUDE_IN_FRAMEWORK_HEADER = YES;
				CLANG_WARN_RANGE_LOOP_ANALYSIS = YES;
				CLANG_WARN_STRICT_PROTOTYPES = YES;
				CLANG_WARN_SUSPICIOUS_MOVE = YES;
				CLANG_WARN_UNGUARDED_AVAILABILITY = YES_AGGRESSIVE;
				CLANG_WARN_UNREACHABLE_CODE = YES;
				CLANG_WARN__DUPLICATE_METHOD_MATCH = YES;
				COPY_PHASE_STRIP = NO;
				DEBUG_INFORMATION_FORMAT = "dwarf-with-dsym";
				ENABLE_NS_ASSERTIONS = NO;
				ENABLE_STRICT_OBJC_MSGSEND = YES;
				GCC_C_LANGUAGE_STANDARD = gnu11;
				GCC_NO_COMMON_BLOCKS = YES;
				GCC_WARN_64_TO_32_BIT_CONVERSION = YES;
				GCC_WARN_ABOUT_RETURN_TYPE = YES_ERROR;
				GCC_WARN_UNDECLARED_SELECTOR = YES;
				GCC_WARN_UNINITIALIZED_AUTOS = YES_AGGRESSIVE;
				GCC_WARN_UNUSED_FUNCTION = YES;
				GCC_WARN_UNUSED_VARIABLE = YES;
				IPHONEOS_DEPLOYMENT_TARGET = 14.3;
				MTL_ENABLE_DEBUG_INFO = NO;
				MTL_FAST_MATH = YES;
				SDKROOT = iphoneos;
				SWIFT_COMPILATION_MODE = wholemodule;
				SWIFT_OPTIMIZATION_LEVEL = "-O";
				VALIDATE_PRODUCT = YES;
			};
			name = Release;
		};
		CEAE409026665874006F5CA3 /* Debug */ = {
			isa = XCBuildConfiguration;
			buildSettings = {
				ASSETCATALOG_COMPILER_APPICON_NAME = AppIcon;
				ASSETCATALOG_COMPILER_GLOBAL_ACCENT_COLOR_NAME = AccentColor;
				CODE_SIGN_STYLE = Automatic;
				INFOPLIST_FILE = J2ObjCTest/Info.plist;
				LD_RUNPATH_SEARCH_PATHS = (
					"$(inherited)",
					"@executable_path/Frameworks",
				);
				PRODUCT_BUNDLE_IDENTIFIER = com.test.J2ObjCTest;
				PRODUCT_NAME = "$(TARGET_NAME)";
				SWIFT_VERSION = 5.0;
				TARGETED_DEVICE_FAMILY = "1,2";
			};
			name = Debug;
		};
		CEAE409126665874006F5CA3 /* Release */ = {
			isa = XCBuildConfiguration;
			buildSettings = {
				ASSETCATALOG_COMPILER_APPICON_NAME = AppIcon;
				ASSETCATALOG_COMPILER_GLOBAL_ACCENT_COLOR_NAME = AccentColor;
				CODE_SIGN_STYLE = Automatic;
				INFOPLIST_FILE = J2ObjCTest/Info.plist;
				LD_RUNPATH_SEARCH_PATHS = (
					"$(inherited)",
					"@executable_path/Frameworks",
				);
				PRODUCT_BUNDLE_IDENTIFIER = com.test.J2ObjCTest;
				PRODUCT_NAME = "$(TARGET_NAME)";
				SWIFT_VERSION = 5.0;
				TARGETED_DEVICE_FAMILY = "1,2";
			};
			name = Release;
		};
/* End XCBuildConfiguration section */

/* Begin XCConfigurationList section */
		CEAE407326665871006F5CA3 /* Build configuration list for PBXProject "J2ObjCTest" */ = {
			isa = XCConfigurationList;
			buildConfigurations = (
				CEAE408D26665874006F5CA3 /* Debug */,
				CEAE408E26665874006F5CA3 /* Release */,
			);
			defaultConfigurationIsVisible = 0;
			defaultConfigurationName = Release;
		};
		CEAE408F26665874006F5CA3 /* Build configuration list for PBXNativeTarget "J2ObjCTest" */ = {
			isa = XCConfigurationList;
			buildConfigurations = (
				CEAE409026665874006F5CA3 /* Debug */,
				CEAE409126665874006F5CA3 /* Release */,
			);
			defaultConfigurationIsVisible = 0;
			defaultConfigurationName = Release;
		};
/* End XCConfigurationList section */

/* Begin XCVersionGroup section */
		CEAE408426665871006F5CA3 /* J2ObjCTest.xcdatamodeld */ = {
			isa = XCVersionGroup;
			children = (
				CEAE408526665871006F5CA3 /* J2ObjCTest.xcdatamodel */,
			);
			currentVersion = CEAE408526665871006F5CA3 /* J2ObjCTest.xcdatamodel */;
			path = J2ObjCTest.xcdatamodeld;
			sourceTree = "<group>";
			versionGroupType = wrapper.xcdatamodel;
		};
/* End XCVersionGroup section */
	};
	rootObject = CEAE407026665871006F5CA3 /* Project object */;
}
